
Microsoft Visual Studio Solution File, Format Version 12.00
# Visual Studio Version 16
VisualStudioVersion = 16.0.31624.102
MinimumVisualStudioVersion = 10.0.40219.1
Project("{9A19103F-16F7-4668-BE54-9A1E7A4F7556}") = "Employee.Api", "Employee.Api\Employee.Api.csproj", "{69C9B11E-D5C8-4D4A-91AC-68A23947997E}"
EndProject
Project("{9A19103F-16F7-4668-BE54-9A1E7A4F7556}") = "SqlServer", "SqlServer\SqlServer.csproj", "{2178140C-D63A-47E3-B58B-280E2505C8D5}"
EndProject
Project("{9A19103F-16F7-4668-BE54-9A1E7A4F7556}") = "Core", "Core\Core.csproj", "{729D54CC-CF5C-4F3D-9A0D-1C4CEC41CF09}"
EndProject
Project("{9A19103F-16F7-4668-BE54-9A1E7A4F7556}") = "LiteDbServer", "LiteDbServer\LiteDbServer.csproj", "{AD0A0169-6F30-4465-AA2E-C4AF8C381493}"
EndProject
Project("{9A19103F-16F7-4668-BE54-9A1E7A4F7556}") = "AWS.SES", "AWS.SES\AWS.SES.csproj", "{A62920DD-F0D1-4733-8180-F09DDE503C4B}"
EndProject
Project("{2150E333-8FDC-42A3-9474-1A3956D46DE8}") = "Infra", "Infra", "{037D8730-8952-4DBA-AE0E-EAF0B8568E28}"
EndProject
Project("{2150E333-8FDC-42A3-9474-1A3956D46DE8}") = "EmailServices", "EmailServices", "{A8DB0C65-341C-443F-A630-9B41DD66091A}"
EndProject
Project("{9A19103F-16F7-4668-BE54-9A1E7A4F7556}") = "SMTPMail", "SMTPMail\SMTPMail.csproj", "{8F337EA4-EB72-4ED5-8D4F-B82205E24E5D}"
EndProject
Project("{2150E333-8FDC-42A3-9474-1A3956D46DE8}") = "DBServices", "DBServices", "{EF7817B2-E29C-4DB4-AE61-FAB94999C026}"
EndProject
Project("{9A19103F-16F7-4668-BE54-9A1E7A4F7556}") = "MySql", "MySql\MySql.csproj", "{6F3ADFC1-90E6-4072-8792-48CAF5E240F0}"
EndProject
Project("{2150E333-8FDC-42A3-9474-1A3956D46DE8}") = "Tests", "Tests", "{74D5F8D9-3BD3-474B-A9E4-44FB5662022A}"
EndProject
Project("{9A19103F-16F7-4668-BE54-9A1E7A4F7556}") = "Employee.Api.Tests", "Employee.Api.Tests\Employee.Api.Tests.csproj", "{743F951B-739E-4DEF-9C42-952E8B217654}"
EndProject
Project("{FAE04EC0-301F-11D3-BF4B-00C04F79EFBC}") = "Mongo", "Mongo\Mongo.csproj", "{4CCD221D-7E46-46CE-8F05-C49213BBBE9D}"
EndProject
Global
	GlobalSection(SolutionConfigurationPlatforms) = preSolution
		Debug|Any CPU = Debug|Any CPU
		Release|Any CPU = Release|Any CPU
	EndGlobalSection
	GlobalSection(ProjectConfigurationPlatforms) = postSolution
		{69C9B11E-D5C8-4D4A-91AC-68A23947997E}.Debug|Any CPU.ActiveCfg = Debug|Any CPU
		{69C9B11E-D5C8-4D4A-91AC-68A23947997E}.Debug|Any CPU.Build.0 = Debug|Any CPU
		{69C9B11E-D5C8-4D4A-91AC-68A23947997E}.Release|Any CPU.ActiveCfg = Release|Any CPU
		{69C9B11E-D5C8-4D4A-91AC-68A23947997E}.Release|Any CPU.Build.0 = Release|Any CPU
		{2178140C-D63A-47E3-B58B-280E2505C8D5}.Debug|Any CPU.ActiveCfg = Debug|Any CPU
		{2178140C-D63A-47E3-B58B-280E2505C8D5}.Debug|Any CPU.Build.0 = Debug|Any CPU
		{2178140C-D63A-47E3-B58B-280E2505C8D5}.Release|Any CPU.ActiveCfg = Release|Any CPU
		{2178140C-D63A-47E3-B58B-280E2505C8D5}.Release|Any CPU.Build.0 = Release|Any CPU
		{729D54CC-CF5C-4F3D-9A0D-1C4CEC41CF09}.Debug|Any CPU.ActiveCfg = Debug|Any CPU
		{729D54CC-CF5C-4F3D-9A0D-1C4CEC41CF09}.Debug|Any CPU.Build.0 = Debug|Any CPU
		{729D54CC-CF5C-4F3D-9A0D-1C4CEC41CF09}.Release|Any CPU.ActiveCfg = Release|Any CPU
		{729D54CC-CF5C-4F3D-9A0D-1C4CEC41CF09}.Release|Any CPU.Build.0 = Release|Any CPU
		{AD0A0169-6F30-4465-AA2E-C4AF8C381493}.Debug|Any CPU.ActiveCfg = Debug|Any CPU
		{AD0A0169-6F30-4465-AA2E-C4AF8C381493}.Debug|Any CPU.Build.0 = Debug|Any CPU
		{AD0A0169-6F30-4465-AA2E-C4AF8C381493}.Release|Any CPU.ActiveCfg = Release|Any CPU
		{AD0A0169-6F30-4465-AA2E-C4AF8C381493}.Release|Any CPU.Build.0 = Release|Any CPU
		{A62920DD-F0D1-4733-8180-F09DDE503C4B}.Debug|Any CPU.ActiveCfg = Debug|Any CPU
		{A62920DD-F0D1-4733-8180-F09DDE503C4B}.Debug|Any CPU.Build.0 = Debug|Any CPU
		{A62920DD-F0D1-4733-8180-F09DDE503C4B}.Release|Any CPU.ActiveCfg = Release|Any CPU
		{A62920DD-F0D1-4733-8180-F09DDE503C4B}.Release|Any CPU.Build.0 = Release|Any CPU
		{8F337EA4-EB72-4ED5-8D4F-B82205E24E5D}.Debug|Any CPU.ActiveCfg = Debug|Any CPU
		{8F337EA4-EB72-4ED5-8D4F-B82205E24E5D}.Debug|Any CPU.Build.0 = Debug|Any CPU
		{8F337EA4-EB72-4ED5-8D4F-B82205E24E5D}.Release|Any CPU.ActiveCfg = Release|Any CPU
		{8F337EA4-EB72-4ED5-8D4F-B82205E24E5D}.Release|Any CPU.Build.0 = Release|Any CPU
		{6F3ADFC1-90E6-4072-8792-48CAF5E240F0}.Debug|Any CPU.ActiveCfg = Debug|Any CPU
		{6F3ADFC1-90E6-4072-8792-48CAF5E240F0}.Debug|Any CPU.Build.0 = Debug|Any CPU
		{6F3ADFC1-90E6-4072-8792-48CAF5E240F0}.Release|Any CPU.ActiveCfg = Release|Any CPU
		{6F3ADFC1-90E6-4072-8792-48CAF5E240F0}.Release|Any CPU.Build.0 = Release|Any CPU
		{743F951B-739E-4DEF-9C42-952E8B217654}.Debug|Any CPU.ActiveCfg = Debug|Any CPU
		{743F951B-739E-4DEF-9C42-952E8B217654}.Debug|Any CPU.Build.0 = Debug|Any CPU
		{743F951B-739E-4DEF-9C42-952E8B217654}.Release|Any CPU.ActiveCfg = Release|Any CPU
		{743F951B-739E-4DEF-9C42-952E8B217654}.Release|Any CPU.Build.0 = Release|Any CPU
		{4CCD221D-7E46-46CE-8F05-C49213BBBE9D}.Debug|Any CPU.ActiveCfg = Debug|Any CPU
		{4CCD221D-7E46-46CE-8F05-C49213BBBE9D}.Debug|Any CPU.Build.0 = Debug|Any CPU
		{4CCD221D-7E46-46CE-8F05-C49213BBBE9D}.Release|Any CPU.ActiveCfg = Release|Any CPU
		{4CCD221D-7E46-46CE-8F05-C49213BBBE9D}.Release|Any CPU.Build.0 = Release|Any CPU
	EndGlobalSection
	GlobalSection(SolutionProperties) = preSolution
		HideSolutionNode = FALSE
	EndGlobalSection
	GlobalSection(NestedProjects) = preSolution
		{2178140C-D63A-47E3-B58B-280E2505C8D5} = {EF7817B2-E29C-4DB4-AE61-FAB94999C026}
		{729D54CC-CF5C-4F3D-9A0D-1C4CEC41CF09} = {037D8730-8952-4DBA-AE0E-EAF0B8568E28}
		{AD0A0169-6F30-4465-AA2E-C4AF8C381493} = {EF7817B2-E29C-4DB4-AE61-FAB94999C026}
		{A62920DD-F0D1-4733-8180-F09DDE503C4B} = {A8DB0C65-341C-443F-A630-9B41DD66091A}
		{A8DB0C65-341C-443F-A630-9B41DD66091A} = {037D8730-8952-4DBA-AE0E-EAF0B8568E28}
		{8F337EA4-EB72-4ED5-8D4F-B82205E24E5D} = {A8DB0C65-341C-443F-A630-9B41DD66091A}
		{EF7817B2-E29C-4DB4-AE61-FAB94999C026} = {037D8730-8952-4DBA-AE0E-EAF0B8568E28}
		{6F3ADFC1-90E6-4072-8792-48CAF5E240F0} = {EF7817B2-E29C-4DB4-AE61-FAB94999C026}
		{743F951B-739E-4DEF-9C42-952E8B217654} = {74D5F8D9-3BD3-474B-A9E4-44FB5662022A}
		{4CCD221D-7E46-46CE-8F05-C49213BBBE9D} = {EF7817B2-E29C-4DB4-AE61-FAB94999C026}
	EndGlobalSection
	GlobalSection(ExtensibilityGlobals) = postSolution
		SolutionGuid = {6225707D-DC36-4A24-B08E-57391025B5B0}
	EndGlobalSection
EndGlobal
