
Microsoft Visual Studio Solution File, Format Version 12.00
# Visual Studio Version 16
VisualStudioVersion = 16.0.31624.102
MinimumVisualStudioVersion = 10.0.40219.1
Project("{9A19103F-16F7-4668-BE54-9A1E7A4F7556}") = "EmployeeManagementApi", "EmployeeManagementApi\EmployeeManagementApi.csproj", "{09C9C8F2-8733-494B-AFEE-D650ABDAC641}"
EndProject
Project("{9A19103F-16F7-4668-BE54-9A1E7A4F7556}") = "Examples", "Examples\Examples.csproj", "{ED6851C7-C429-49DC-9D05-D410AEF7B032}"
EndProject
Project("{2150E333-8FDC-42A3-9474-1A3956D46DE8}") = "Tests", "Tests", "{A855F008-6D5E-4901-8ED6-0215E00AB5C7}"
EndProject
Project("{9A19103F-16F7-4668-BE54-9A1E7A4F7556}") = "EmployeeManagementApi.Tests", "EmployeeManagementApi.Tests\EmployeeManagementApi.Tests.csproj", "{3AEBF32E-06E8-41EA-9AB5-68C5FF7B0AD7}"
EndProject
Project("{9A19103F-16F7-4668-BE54-9A1E7A4F7556}") = "SMTPMailService", "SMTPMailService\SMTPMailService.csproj", "{37476826-82CE-4C18-9D37-D2728AE80E83}"
EndProject
Project("{9A19103F-16F7-4668-BE54-9A1E7A4F7556}") = "Core", "Core\Core.csproj", "{04E3A18E-BC6A-431D-BDCC-2FEA2BEFFE34}"
EndProject
Project("{2150E333-8FDC-42A3-9474-1A3956D46DE8}") = "Infra", "Infra", "{7AF993DA-55DA-4FCD-B9BA-78C94086B518}"
EndProject
Project("{2150E333-8FDC-42A3-9474-1A3956D46DE8}") = "EmailServices", "EmailServices", "{625CC7B9-EDD5-4950-99FC-751D6F0D81E4}"
EndProject
Project("{9A19103F-16F7-4668-BE54-9A1E7A4F7556}") = "AWS.SES", "AWS.SES\AWS.SES.csproj", "{3E900A87-6917-43FF-A2D5-FC3C06B7E3AB}"
EndProject
Project("{2150E333-8FDC-42A3-9474-1A3956D46DE8}") = "DBServices", "DBServices", "{57329A6D-3D2B-4B82-B887-28F2C61A9C0D}"
EndProject
Project("{9A19103F-16F7-4668-BE54-9A1E7A4F7556}") = "SqlServer", "SqlServer\SqlServer.csproj", "{F3AE7C25-1779-4ED1-AF4A-2D52076CD927}"
EndProject
Project("{9A19103F-16F7-4668-BE54-9A1E7A4F7556}") = "LiteDBServer", "LiteDBServer\LiteDBServer.csproj", "{A4A54FD0-70EF-44BD-992D-4B5CE22E1B81}"
EndProject
Project("{FAE04EC0-301F-11D3-BF4B-00C04F79EFBC}") = "MySql", "MySql\MySql.csproj", "{07D34278-ACE6-45DA-A389-4E699CB11A01}"
EndProject
Project("{FAE04EC0-301F-11D3-BF4B-00C04F79EFBC}") = "Mongo", "Mongo\Mongo.csproj", "{5D491BE0-395A-4094-89C7-601C03F6150A}"
EndProject
Global
	GlobalSection(SolutionConfigurationPlatforms) = preSolution
		Debug|Any CPU = Debug|Any CPU
		Release|Any CPU = Release|Any CPU
	EndGlobalSection
	GlobalSection(ProjectConfigurationPlatforms) = postSolution
		{09C9C8F2-8733-494B-AFEE-D650ABDAC641}.Debug|Any CPU.ActiveCfg = Debug|Any CPU
		{09C9C8F2-8733-494B-AFEE-D650ABDAC641}.Debug|Any CPU.Build.0 = Debug|Any CPU
		{09C9C8F2-8733-494B-AFEE-D650ABDAC641}.Release|Any CPU.ActiveCfg = Release|Any CPU
		{09C9C8F2-8733-494B-AFEE-D650ABDAC641}.Release|Any CPU.Build.0 = Release|Any CPU
		{ED6851C7-C429-49DC-9D05-D410AEF7B032}.Debug|Any CPU.ActiveCfg = Debug|Any CPU
		{ED6851C7-C429-49DC-9D05-D410AEF7B032}.Debug|Any CPU.Build.0 = Debug|Any CPU
		{ED6851C7-C429-49DC-9D05-D410AEF7B032}.Release|Any CPU.ActiveCfg = Release|Any CPU
		{ED6851C7-C429-49DC-9D05-D410AEF7B032}.Release|Any CPU.Build.0 = Release|Any CPU
		{3AEBF32E-06E8-41EA-9AB5-68C5FF7B0AD7}.Debug|Any CPU.ActiveCfg = Debug|Any CPU
		{3AEBF32E-06E8-41EA-9AB5-68C5FF7B0AD7}.Debug|Any CPU.Build.0 = Debug|Any CPU
		{3AEBF32E-06E8-41EA-9AB5-68C5FF7B0AD7}.Release|Any CPU.ActiveCfg = Release|Any CPU
		{3AEBF32E-06E8-41EA-9AB5-68C5FF7B0AD7}.Release|Any CPU.Build.0 = Release|Any CPU
		{37476826-82CE-4C18-9D37-D2728AE80E83}.Debug|Any CPU.ActiveCfg = Debug|Any CPU
		{37476826-82CE-4C18-9D37-D2728AE80E83}.Debug|Any CPU.Build.0 = Debug|Any CPU
		{37476826-82CE-4C18-9D37-D2728AE80E83}.Release|Any CPU.ActiveCfg = Release|Any CPU
		{37476826-82CE-4C18-9D37-D2728AE80E83}.Release|Any CPU.Build.0 = Release|Any CPU
		{04E3A18E-BC6A-431D-BDCC-2FEA2BEFFE34}.Debug|Any CPU.ActiveCfg = Debug|Any CPU
		{04E3A18E-BC6A-431D-BDCC-2FEA2BEFFE34}.Debug|Any CPU.Build.0 = Debug|Any CPU
		{04E3A18E-BC6A-431D-BDCC-2FEA2BEFFE34}.Release|Any CPU.ActiveCfg = Release|Any CPU
		{04E3A18E-BC6A-431D-BDCC-2FEA2BEFFE34}.Release|Any CPU.Build.0 = Release|Any CPU
		{3E900A87-6917-43FF-A2D5-FC3C06B7E3AB}.Debug|Any CPU.ActiveCfg = Debug|Any CPU
		{3E900A87-6917-43FF-A2D5-FC3C06B7E3AB}.Debug|Any CPU.Build.0 = Debug|Any CPU
		{3E900A87-6917-43FF-A2D5-FC3C06B7E3AB}.Release|Any CPU.ActiveCfg = Release|Any CPU
		{3E900A87-6917-43FF-A2D5-FC3C06B7E3AB}.Release|Any CPU.Build.0 = Release|Any CPU
		{F3AE7C25-1779-4ED1-AF4A-2D52076CD927}.Debug|Any CPU.ActiveCfg = Debug|Any CPU
		{F3AE7C25-1779-4ED1-AF4A-2D52076CD927}.Debug|Any CPU.Build.0 = Debug|Any CPU
		{F3AE7C25-1779-4ED1-AF4A-2D52076CD927}.Release|Any CPU.ActiveCfg = Release|Any CPU
		{F3AE7C25-1779-4ED1-AF4A-2D52076CD927}.Release|Any CPU.Build.0 = Release|Any CPU
		{A4A54FD0-70EF-44BD-992D-4B5CE22E1B81}.Debug|Any CPU.ActiveCfg = Debug|Any CPU
		{A4A54FD0-70EF-44BD-992D-4B5CE22E1B81}.Debug|Any CPU.Build.0 = Debug|Any CPU
		{A4A54FD0-70EF-44BD-992D-4B5CE22E1B81}.Release|Any CPU.ActiveCfg = Release|Any CPU
		{A4A54FD0-70EF-44BD-992D-4B5CE22E1B81}.Release|Any CPU.Build.0 = Release|Any CPU
		{07D34278-ACE6-45DA-A389-4E699CB11A01}.Debug|Any CPU.ActiveCfg = Debug|Any CPU
		{07D34278-ACE6-45DA-A389-4E699CB11A01}.Debug|Any CPU.Build.0 = Debug|Any CPU
		{07D34278-ACE6-45DA-A389-4E699CB11A01}.Release|Any CPU.ActiveCfg = Release|Any CPU
		{07D34278-ACE6-45DA-A389-4E699CB11A01}.Release|Any CPU.Build.0 = Release|Any CPU
		{5D491BE0-395A-4094-89C7-601C03F6150A}.Debug|Any CPU.ActiveCfg = Debug|Any CPU
		{5D491BE0-395A-4094-89C7-601C03F6150A}.Debug|Any CPU.Build.0 = Debug|Any CPU
		{5D491BE0-395A-4094-89C7-601C03F6150A}.Release|Any CPU.ActiveCfg = Release|Any CPU
		{5D491BE0-395A-4094-89C7-601C03F6150A}.Release|Any CPU.Build.0 = Release|Any CPU
	EndGlobalSection
	GlobalSection(SolutionProperties) = preSolution
		HideSolutionNode = FALSE
	EndGlobalSection
	GlobalSection(NestedProjects) = preSolution
		{3AEBF32E-06E8-41EA-9AB5-68C5FF7B0AD7} = {A855F008-6D5E-4901-8ED6-0215E00AB5C7}
		{37476826-82CE-4C18-9D37-D2728AE80E83} = {625CC7B9-EDD5-4950-99FC-751D6F0D81E4}
		{04E3A18E-BC6A-431D-BDCC-2FEA2BEFFE34} = {7AF993DA-55DA-4FCD-B9BA-78C94086B518}
		{625CC7B9-EDD5-4950-99FC-751D6F0D81E4} = {7AF993DA-55DA-4FCD-B9BA-78C94086B518}
		{3E900A87-6917-43FF-A2D5-FC3C06B7E3AB} = {625CC7B9-EDD5-4950-99FC-751D6F0D81E4}
		{57329A6D-3D2B-4B82-B887-28F2C61A9C0D} = {7AF993DA-55DA-4FCD-B9BA-78C94086B518}
		{F3AE7C25-1779-4ED1-AF4A-2D52076CD927} = {57329A6D-3D2B-4B82-B887-28F2C61A9C0D}
		{A4A54FD0-70EF-44BD-992D-4B5CE22E1B81} = {57329A6D-3D2B-4B82-B887-28F2C61A9C0D}
		{07D34278-ACE6-45DA-A389-4E699CB11A01} = {57329A6D-3D2B-4B82-B887-28F2C61A9C0D}
		{5D491BE0-395A-4094-89C7-601C03F6150A} = {57329A6D-3D2B-4B82-B887-28F2C61A9C0D}
	EndGlobalSection
	GlobalSection(ExtensibilityGlobals) = postSolution
		SolutionGuid = {A5C9C9BC-EAAA-4454-B5C4-71C00559537D}
	EndGlobalSection
EndGlobal
